// !$*UTF8*$!
{
	archiveVersion = 1;
	classes = {
	};
	objectVersion = 48;
	objects = {

/* Begin PBXBuildFile section */
		8B048DB220818CE100C8F963 /* AppDelegate.swift in Sources */ = {isa = PBXBuildFile; fileRef = 8B048DB120818CE100C8F963 /* AppDelegate.swift */; };
		8B048DB420818CE100C8F963 /* ViewController.swift in Sources */ = {isa = PBXBuildFile; fileRef = 8B048DB320818CE100C8F963 /* ViewController.swift */; };
		8B048DB720818CE100C8F963 /* Main.storyboard in Resources */ = {isa = PBXBuildFile; fileRef = 8B048DB520818CE100C8F963 /* Main.storyboard */; };
		8B048DB920818CE100C8F963 /* Assets.xcassets in Resources */ = {isa = PBXBuildFile; fileRef = 8B048DB820818CE100C8F963 /* Assets.xcassets */; };
		8B048DBC20818CE100C8F963 /* LaunchScreen.storyboard in Resources */ = {isa = PBXBuildFile; fileRef = 8B048DBA20818CE100C8F963 /* LaunchScreen.storyboard */; };
		8B048DC720818CE200C8F963 /* TinderCloneTests.swift in Sources */ = {isa = PBXBuildFile; fileRef = 8B048DC620818CE200C8F963 /* TinderCloneTests.swift */; };
		8B048DD220818CE200C8F963 /* TinderCloneUITests.swift in Sources */ = {isa = PBXBuildFile; fileRef = 8B048DD120818CE200C8F963 /* TinderCloneUITests.swift */; };
		8B048DE020818EAE00C8F963 /* CardsViewController.swift in Sources */ = {isa = PBXBuildFile; fileRef = 8B048DDF20818EAE00C8F963 /* CardsViewController.swift */; };
		8B2ADD3920847676005C5B8F /* ProfileViewController.swift in Sources */ = {isa = PBXBuildFile; fileRef = 8B2ADD3820847676005C5B8F /* ProfileViewController.swift */; };
/* End PBXBuildFile section */

/* Begin PBXContainerItemProxy section */
		8B048DC320818CE200C8F963 /* PBXContainerItemProxy */ = {
			isa = PBXContainerItemProxy;
			containerPortal = 8B048DA620818CE100C8F963 /* Project object */;
			proxyType = 1;
			remoteGlobalIDString = 8B048DAD20818CE100C8F963;
			remoteInfo = TinderClone;
		};
		8B048DCE20818CE200C8F963 /* PBXContainerItemProxy */ = {
			isa = PBXContainerItemProxy;
			containerPortal = 8B048DA620818CE100C8F963 /* Project object */;
			proxyType = 1;
			remoteGlobalIDString = 8B048DAD20818CE100C8F963;
			remoteInfo = TinderClone;
		};
/* End PBXContainerItemProxy section */

/* Begin PBXFileReference section */
		8B048DAE20818CE100C8F963 /* TinderClone.app */ = {isa = PBXFileReference; explicitFileType = wrapper.application; includeInIndex = 0; path = TinderClone.app; sourceTree = BUILT_PRODUCTS_DIR; };
		8B048DB120818CE100C8F963 /* AppDelegate.swift */ = {isa = PBXFileReference; lastKnownFileType = sourcecode.swift; path = AppDelegate.swift; sourceTree = "<group>"; };
		8B048DB320818CE100C8F963 /* ViewController.swift */ = {isa = PBXFileReference; lastKnownFileType = sourcecode.swift; path = ViewController.swift; sourceTree = "<group>"; };
		8B048DB620818CE100C8F963 /* Base */ = {isa = PBXFileReference; lastKnownFileType = file.storyboard; name = Base; path = Base.lproj/Main.storyboard; sourceTree = "<group>"; };
		8B048DB820818CE100C8F963 /* Assets.xcassets */ = {isa = PBXFileReference; lastKnownFileType = folder.assetcatalog; path = Assets.xcassets; sourceTree = "<group>"; };
		8B048DBB20818CE100C8F963 /* Base */ = {isa = PBXFileReference; lastKnownFileType = file.storyboard; name = Base; path = Base.lproj/LaunchScreen.storyboard; sourceTree = "<group>"; };
		8B048DBD20818CE100C8F963 /* Info.plist */ = {isa = PBXFileReference; lastKnownFileType = text.plist.xml; path = Info.plist; sourceTree = "<group>"; };
		8B048DC220818CE200C8F963 /* TinderCloneTests.xctest */ = {isa = PBXFileReference; explicitFileType = wrapper.cfbundle; includeInIndex = 0; path = TinderCloneTests.xctest; sourceTree = BUILT_PRODUCTS_DIR; };
		8B048DC620818CE200C8F963 /* TinderCloneTests.swift */ = {isa = PBXFileReference; lastKnownFileType = sourcecode.swift; path = TinderCloneTests.swift; sourceTree = "<group>"; };
		8B048DC820818CE200C8F963 /* Info.plist */ = {isa = PBXFileReference; lastKnownFileType = text.plist.xml; path = Info.plist; sourceTree = "<group>"; };
		8B048DCD20818CE200C8F963 /* TinderCloneUITests.xctest */ = {isa = PBXFileReference; explicitFileType = wrapper.cfbundle; includeInIndex = 0; path = TinderCloneUITests.xctest; sourceTree = BUILT_PRODUCTS_DIR; };
		8B048DD120818CE200C8F963 /* TinderCloneUITests.swift */ = {isa = PBXFileReference; lastKnownFileType = sourcecode.swift; path = TinderCloneUITests.swift; sourceTree = "<group>"; };
		8B048DD320818CE200C8F963 /* Info.plist */ = {isa = PBXFileReference; lastKnownFileType = text.plist.xml; path = Info.plist; sourceTree = "<group>"; };
		8B048DDF20818EAE00C8F963 /* CardsViewController.swift */ = {isa = PBXFileReference; lastKnownFileType = sourcecode.swift; path = CardsViewController.swift; sourceTree = "<group>"; };
		8B2ADD3820847676005C5B8F /* ProfileViewController.swift */ = {isa = PBXFileReference; lastKnownFileType = sourcecode.swift; path = ProfileViewController.swift; sourceTree = "<group>"; };
/* End PBXFileReference section */

/* Begin PBXFrameworksBuildPhase section */
		8B048DAB20818CE100C8F963 /* Frameworks */ = {
			isa = PBXFrameworksBuildPhase;
			buildActionMask = 2147483647;
			files = (
			);
			runOnlyForDeploymentPostprocessing = 0;
		};
		8B048DBF20818CE200C8F963 /* Frameworks */ = {
			isa = PBXFrameworksBuildPhase;
			buildActionMask = 2147483647;
			files = (
			);
			runOnlyForDeploymentPostprocessing = 0;
		};
		8B048DCA20818CE200C8F963 /* Frameworks */ = {
			isa = PBXFrameworksBuildPhase;
			buildActionMask = 2147483647;
			files = (
			);
			runOnlyForDeploymentPostprocessing = 0;
		};
/* End PBXFrameworksBuildPhase section */

/* Begin PBXGroup section */
		8B048DA520818CE100C8F963 = {
			isa = PBXGroup;
			children = (
				8B048DB020818CE100C8F963 /* TinderClone */,
				8B048DC520818CE200C8F963 /* TinderCloneTests */,
				8B048DD020818CE200C8F963 /* TinderCloneUITests */,
				8B048DAF20818CE100C8F963 /* Products */,
			);
			sourceTree = "<group>";
		};
		8B048DAF20818CE100C8F963 /* Products */ = {
			isa = PBXGroup;
			children = (
				8B048DAE20818CE100C8F963 /* TinderClone.app */,
				8B048DC220818CE200C8F963 /* TinderCloneTests.xctest */,
				8B048DCD20818CE200C8F963 /* TinderCloneUITests.xctest */,
			);
			name = Products;
			sourceTree = "<group>";
		};
		8B048DB020818CE100C8F963 /* TinderClone */ = {
			isa = PBXGroup;
			children = (
				8B048DB120818CE100C8F963 /* AppDelegate.swift */,
				8B048DB320818CE100C8F963 /* ViewController.swift */,
				8B048DB520818CE100C8F963 /* Main.storyboard */,
				8B048DB820818CE100C8F963 /* Assets.xcassets */,
				8B048DBA20818CE100C8F963 /* LaunchScreen.storyboard */,
				8B048DBD20818CE100C8F963 /* Info.plist */,
				8B048DDF20818EAE00C8F963 /* CardsViewController.swift */,
				8B2ADD3820847676005C5B8F /* ProfileViewController.swift */,
			);
			path = TinderClone;
			sourceTree = "<group>";
		};
		8B048DC520818CE200C8F963 /* TinderCloneTests */ = {
			isa = PBXGroup;
			children = (
				8B048DC620818CE200C8F963 /* TinderCloneTests.swift */,
				8B048DC820818CE200C8F963 /* Info.plist */,
			);
			path = TinderCloneTests;
			sourceTree = "<group>";
		};
		8B048DD020818CE200C8F963 /* TinderCloneUITests */ = {
			isa = PBXGroup;
			children = (
				8B048DD120818CE200C8F963 /* TinderCloneUITests.swift */,
				8B048DD320818CE200C8F963 /* Info.plist */,
			);
			path = TinderCloneUITests;
			sourceTree = "<group>";
		};
/* End PBXGroup section */

/* Begin PBXNativeTarget section */
		8B048DAD20818CE100C8F963 /* TinderClone */ = {
			isa = PBXNativeTarget;
			buildConfigurationList = 8B048DD620818CE200C8F963 /* Build configuration list for PBXNativeTarget "TinderClone" */;
			buildPhases = (
				8B048DAA20818CE100C8F963 /* Sources */,
				8B048DAB20818CE100C8F963 /* Frameworks */,
				8B048DAC20818CE100C8F963 /* Resources */,
			);
			buildRules = (
			);
			dependencies = (
			);
			name = TinderClone;
			productName = TinderClone;
			productReference = 8B048DAE20818CE100C8F963 /* TinderClone.app */;
			productType = "com.apple.product-type.application";
		};
		8B048DC120818CE200C8F963 /* TinderCloneTests */ = {
			isa = PBXNativeTarget;
			buildConfigurationList = 8B048DD920818CE200C8F963 /* Build configuration list for PBXNativeTarget "TinderCloneTests" */;
			buildPhases = (
				8B048DBE20818CE200C8F963 /* Sources */,
				8B048DBF20818CE200C8F963 /* Frameworks */,
				8B048DC020818CE200C8F963 /* Resources */,
			);
			buildRules = (
			);
			dependencies = (
				8B048DC420818CE200C8F963 /* PBXTargetDependency */,
			);
			name = TinderCloneTests;
			productName = TinderCloneTests;
			productReference = 8B048DC220818CE200C8F963 /* TinderCloneTests.xctest */;
			productType = "com.apple.product-type.bundle.unit-test";
		};
		8B048DCC20818CE200C8F963 /* TinderCloneUITests */ = {
			isa = PBXNativeTarget;
			buildConfigurationList = 8B048DDC20818CE200C8F963 /* Build configuration list for PBXNativeTarget "TinderCloneUITests" */;
			buildPhases = (
				8B048DC920818CE200C8F963 /* Sources */,
				8B048DCA20818CE200C8F963 /* Frameworks */,
				8B048DCB20818CE200C8F963 /* Resources */,
			);
			buildRules = (
			);
			dependencies = (
				8B048DCF20818CE200C8F963 /* PBXTargetDependency */,
			);
			name = TinderCloneUITests;
			productName = TinderCloneUITests;
			productReference = 8B048DCD20818CE200C8F963 /* TinderCloneUITests.xctest */;
			productType = "com.apple.product-type.bundle.ui-testing";
		};
/* End PBXNativeTarget section */

/* Begin PBXProject section */
		8B048DA620818CE100C8F963 /* Project object */ = {
			isa = PBXProject;
			attributes = {
				LastSwiftUpdateCheck = 0920;
				LastUpgradeCheck = 0920;
				ORGANIZATIONNAME = "Justin Lee";
				TargetAttributes = {
					8B048DAD20818CE100C8F963 = {
						CreatedOnToolsVersion = 9.2;
						ProvisioningStyle = Automatic;
					};
					8B048DC120818CE200C8F963 = {
						CreatedOnToolsVersion = 9.2;
						ProvisioningStyle = Automatic;
						TestTargetID = 8B048DAD20818CE100C8F963;
					};
					8B048DCC20818CE200C8F963 = {
						CreatedOnToolsVersion = 9.2;
						ProvisioningStyle = Automatic;
						TestTargetID = 8B048DAD20818CE100C8F963;
					};
				};
			};
			buildConfigurationList = 8B048DA920818CE100C8F963 /* Build configuration list for PBXProject "TinderClone" */;
			compatibilityVersion = "Xcode 8.0";
			developmentRegion = en;
			hasScannedForEncodings = 0;
			knownRegions = (
				en,
				Base,
			);
			mainGroup = 8B048DA520818CE100C8F963;
			productRefGroup = 8B048DAF20818CE100C8F963 /* Products */;
			projectDirPath = "";
			projectRoot = "";
			targets = (
				8B048DAD20818CE100C8F963 /* TinderClone */,
				8B048DC120818CE200C8F963 /* TinderCloneTests */,
				8B048DCC20818CE200C8F963 /* TinderCloneUITests */,
			);
		};
/* End PBXProject section */

/* Begin PBXResourcesBuildPhase section */
		8B048DAC20818CE100C8F963 /* Resources */ = {
			isa = PBXResourcesBuildPhase;
			buildActionMask = 2147483647;
			files = (
				8B048DBC20818CE100C8F963 /* LaunchScreen.storyboard in Resources */,
				8B048DB920818CE100C8F963 /* Assets.xcassets in Resources */,
				8B048DB720818CE100C8F963 /* Main.storyboard in Resources */,
			);
			runOnlyForDeploymentPostprocessing = 0;
		};
		8B048DC020818CE200C8F963 /* Resources */ = {
			isa = PBXResourcesBuildPhase;
			buildActionMask = 2147483647;
			files = (
			);
			runOnlyForDeploymentPostprocessing = 0;
		};
		8B048DCB20818CE200C8F963 /* Resources */ = {
			isa = PBXResourcesBuildPhase;
			buildActionMask = 2147483647;
			files = (
			);
			runOnlyForDeploymentPostprocessing = 0;
		};
/* End PBXResourcesBuildPhase section */

/* Begin PBXSourcesBuildPhase section */
		8B048DAA20818CE100C8F963 /* Sources */ = {
			isa = PBXSourcesBuildPhase;
			buildActionMask = 2147483647;
			files = (
				8B048DB420818CE100C8F963 /* ViewController.swift in Sources */,
				8B048DB220818CE100C8F963 /* AppDelegate.swift in Sources */,
				8B2ADD3920847676005C5B8F /* ProfileViewController.swift in Sources */,
				8B048DE020818EAE00C8F963 /* CardsViewController.swift in Sources */,
			);
			runOnlyForDeploymentPostprocessing = 0;
		};
		8B048DBE20818CE200C8F963 /* Sources */ = {
			isa = PBXSourcesBuildPhase;
			buildActionMask = 2147483647;
			files = (
				8B048DC720818CE200C8F963 /* TinderCloneTests.swift in Sources */,
			);
			runOnlyForDeploymentPostprocessing = 0;
		};
		8B048DC920818CE200C8F963 /* Sources */ = {
			isa = PBXSourcesBuildPhase;
			buildActionMask = 2147483647;
			files = (
				8B048DD220818CE200C8F963 /* TinderCloneUITests.swift in Sources */,
			);
			runOnlyForDeploymentPostprocessing = 0;
		};
/* End PBXSourcesBuildPhase section */

/* Begin PBXTargetDependency section */
		8B048DC420818CE200C8F963 /* PBXTargetDependency */ = {
			isa = PBXTargetDependency;
			target = 8B048DAD20818CE100C8F963 /* TinderClone */;
			targetProxy = 8B048DC320818CE200C8F963 /* PBXContainerItemProxy */;
		};
		8B048DCF20818CE200C8F963 /* PBXTargetDependency */ = {
			isa = PBXTargetDependency;
			target = 8B048DAD20818CE100C8F963 /* TinderClone */;
			targetProxy = 8B048DCE20818CE200C8F963 /* PBXContainerItemProxy */;
		};
/* End PBXTargetDependency section */

/* Begin PBXVariantGroup section */
		8B048DB520818CE100C8F963 /* Main.storyboard */ = {
			isa = PBXVariantGroup;
			children = (
				8B048DB620818CE100C8F963 /* Base */,
			);
			name = Main.storyboard;
			sourceTree = "<group>";
		};
		8B048DBA20818CE100C8F963 /* LaunchScreen.storyboard */ = {
			isa = PBXVariantGroup;
			children = (
				8B048DBB20818CE100C8F963 /* Base */,
			);
			name = LaunchScreen.storyboard;
			sourceTree = "<group>";
		};
/* End PBXVariantGroup section */

/* Begin XCBuildConfiguration section */
		8B048DD420818CE200C8F963 /* Debug */ = {
			isa = XCBuildConfiguration;
			buildSettings = {
				ALWAYS_SEARCH_USER_PATHS = NO;
				CLANG_ANALYZER_NONNULL = YES;
				CLANG_ANALYZER_NUMBER_OBJECT_CONVERSION = YES_AGGRESSIVE;
				CLANG_CXX_LANGUAGE_STANDARD = "gnu++14";
				CLANG_CXX_LIBRARY = "libc++";
				CLANG_ENABLE_MODULES = YES;
				CLANG_ENABLE_OBJC_ARC = YES;
				CLANG_WARN_BLOCK_CAPTURE_AUTORELEASING = YES;
				CLANG_WARN_BOOL_CONVERSION = YES;
				CLANG_WARN_COMMA = YES;
				CLANG_WARN_CONSTANT_CONVERSION = YES;
				CLANG_WARN_DIRECT_OBJC_ISA_USAGE = YES_ERROR;
				CLANG_WARN_DOCUMENTATION_COMMENTS = YES;
				CLANG_WARN_EMPTY_BODY = YES;
				CLANG_WARN_ENUM_CONVERSION = YES;
				CLANG_WARN_INFINITE_RECURSION = YES;
				CLANG_WARN_INT_CONVERSION = YES;
				CLANG_WARN_NON_LITERAL_NULL_CONVERSION = YES;
				CLANG_WARN_OBJC_LITERAL_CONVERSION = YES;
				CLANG_WARN_OBJC_ROOT_CLASS = YES_ERROR;
				CLANG_WARN_RANGE_LOOP_ANALYSIS = YES;
				CLANG_WARN_STRICT_PROTOTYPES = YES;
				CLANG_WARN_SUSPICIOUS_MOVE = YES;
				CLANG_WARN_UNGUARDED_AVAILABILITY = YES_AGGRESSIVE;
				CLANG_WARN_UNREACHABLE_CODE = YES;
				CLANG_WARN__DUPLICATE_METHOD_MATCH = YES;
				CODE_SIGN_IDENTITY = "iPhone Developer";
				COPY_PHASE_STRIP = NO;
				DEBUG_INFORMATION_FORMAT = dwarf;
				ENABLE_STRICT_OBJC_MSGSEND = YES;
				ENABLE_TESTABILITY = YES;
				GCC_C_LANGUAGE_STANDARD = gnu11;
				GCC_DYNAMIC_NO_PIC = NO;
				GCC_NO_COMMON_BLOCKS = YES;
				GCC_OPTIMIZATION_LEVEL = 0;
				GCC_PREPROCESSOR_DEFINITIONS = (
					"DEBUG=1",
					"$(inherited)",
				);
				GCC_WARN_64_TO_32_BIT_CONVERSION = YES;
				GCC_WARN_ABOUT_RETURN_TYPE = YES_ERROR;
				GCC_WARN_UNDECLARED_SELECTOR = YES;
				GCC_WARN_UNINITIALIZED_AUTOS = YES_AGGRESSIVE;
				GCC_WARN_UNUSED_FUNCTION = YES;
				GCC_WARN_UNUSED_VARIABLE = YES;
				IPHONEOS_DEPLOYMENT_TARGET = 11.2;
				MTL_ENABLE_DEBUG_INFO = YES;
				ONLY_ACTIVE_ARCH = YES;
				SDKROOT = iphoneos;
				SWIFT_ACTIVE_COMPILATION_CONDITIONS = DEBUG;
				SWIFT_OPTIMIZATION_LEVEL = "-Onone";
			};
			name = Debug;
		};
		8B048DD520818CE200C8F963 /* Release */ = {
			isa = XCBuildConfiguration;
			buildSettings = {
				ALWAYS_SEARCH_USER_PATHS = NO;
				CLANG_ANALYZER_NONNULL = YES;
				CLANG_ANALYZER_NUMBER_OBJECT_CONVERSION = YES_AGGRESSIVE;
				CLANG_CXX_LANGUAGE_STANDARD = "gnu++14";
				CLANG_CXX_LIBRARY = "libc++";
				CLANG_ENABLE_MODULES = YES;
				CLANG_ENABLE_OBJC_ARC = YES;
				CLANG_WARN_BLOCK_CAPTURE_AUTORELEASING = YES;
				CLANG_WARN_BOOL_CONVERSION = YES;
				CLANG_WARN_COMMA = YES;
				CLANG_WARN_CONSTANT_CONVERSION = YES;
				CLANG_WARN_DIRECT_OBJC_ISA_USAGE = YES_ERROR;
				CLANG_WARN_DOCUMENTATION_COMMENTS = YES;
				CLANG_WARN_EMPTY_BODY = YES;
				CLANG_WARN_ENUM_CONVERSION = YES;
				CLANG_WARN_INFINITE_RECURSION = YES;
				CLANG_WARN_INT_CONVERSION = YES;
				CLANG_WARN_NON_LITERAL_NULL_CONVERSION = YES;
				CLANG_WARN_OBJC_LITERAL_CONVERSION = YES;
				CLANG_WARN_OBJC_ROOT_CLASS = YES_ERROR;
				CLANG_WARN_RANGE_LOOP_ANALYSIS = YES;
				CLANG_WARN_STRICT_PROTOTYPES = YES;
				CLANG_WARN_SUSPICIOUS_MOVE = YES;
				CLANG_WARN_UNGUARDED_AVAILABILITY = YES_AGGRESSIVE;
				CLANG_WARN_UNREACHABLE_CODE = YES;
				CLANG_WARN__DUPLICATE_METHOD_MATCH = YES;
				CODE_SIGN_IDENTITY = "iPhone Developer";
				COPY_PHASE_STRIP = NO;
				DEBUG_INFORMATION_FORMAT = "dwarf-with-dsym";
				ENABLE_NS_ASSERTIONS = NO;
				ENABLE_STRICT_OBJC_MSGSEND = YES;
				GCC_C_LANGUAGE_STANDARD = gnu11;
				GCC_NO_COMMON_BLOCKS = YES;
				GCC_WARN_64_TO_32_BIT_CONVERSION = YES;
				GCC_WARN_ABOUT_RETURN_TYPE = YES_ERROR;
				GCC_WARN_UNDECLARED_SELECTOR = YES;
				GCC_WARN_UNINITIALIZED_AUTOS = YES_AGGRESSIVE;
				GCC_WARN_UNUSED_FUNCTION = YES;
				GCC_WARN_UNUSED_VARIABLE = YES;
				IPHONEOS_DEPLOYMENT_TARGET = 11.2;
				MTL_ENABLE_DEBUG_INFO = NO;
				SDKROOT = iphoneos;
				SWIFT_OPTIMIZATION_LEVEL = "-Owholemodule";
				VALIDATE_PRODUCT = YES;
			};
			name = Release;
		};
		8B048DD720818CE200C8F963 /* Debug */ = {
			isa = XCBuildConfiguration;
			buildSettings = {
				ASSETCATALOG_COMPILER_APPICON_NAME = AppIcon;
				CODE_SIGN_STYLE = Automatic;
				INFOPLIST_FILE = TinderClone/Info.plist;
				LD_RUNPATH_SEARCH_PATHS = "$(inherited) @executable_path/Frameworks";
				PRODUCT_BUNDLE_IDENTIFIER = Hunger.TinderClone;
				PRODUCT_NAME = "$(TARGET_NAME)";
				SWIFT_VERSION = 4.0;
				TARGETED_DEVICE_FAMILY = "1,2";
			};
			name = Debug;
		};
		8B048DD820818CE200C8F963 /* Release */ = {
			isa = XCBuildConfiguration;
			buildSettings = {
				ASSETCATALOG_COMPILER_APPICON_NAME = AppIcon;
				CODE_SIGN_STYLE = Automatic;
				INFOPLIST_FILE = TinderClone/Info.plist;
				LD_RUNPATH_SEARCH_PATHS = "$(inherited) @executable_path/Frameworks";
				PRODUCT_BUNDLE_IDENTIFIER = Hunger.TinderClone;
				PRODUCT_NAME = "$(TARGET_NAME)";
				SWIFT_VERSION = 4.0;
				TARGETED_DEVICE_FAMILY = "1,2";
			};
			name = Release;
		};
		8B048DDA20818CE200C8F963 /* Debug */ = {
			isa = XCBuildConfiguration;
			buildSettings = {
				ALWAYS_EMBED_SWIFT_STANDARD_LIBRARIES = YES;
				BUNDLE_LOADER = "$(TEST_HOST)";
				CODE_SIGN_STYLE = Automatic;
				INFOPLIST_FILE = TinderCloneTests/Info.plist;
				LD_RUNPATH_SEARCH_PATHS = "$(inherited) @executable_path/Frameworks @loader_path/Frameworks";
				PRODUCT_BUNDLE_IDENTIFIER = Hunger.TinderCloneTests;
				PRODUCT_NAME = "$(TARGET_NAME)";
				SWIFT_VERSION = 4.0;
				TARGETED_DEVICE_FAMILY = "1,2";
				TEST_HOST = "$(BUILT_PRODUCTS_DIR)/TinderClone.app/TinderClone";
			};
			name = Debug;
		};
		8B048DDB20818CE200C8F963 /* Release */ = {
			isa = XCBuildConfiguration;
			buildSettings = {
				ALWAYS_EMBED_SWIFT_STANDARD_LIBRARIES = YES;
				BUNDLE_LOADER = "$(TEST_HOST)";
				CODE_SIGN_STYLE = Automatic;
				INFOPLIST_FILE = TinderCloneTests/Info.plist;
				LD_RUNPATH_SEARCH_PATHS = "$(inherited) @executable_path/Frameworks @loader_path/Frameworks";
				PRODUCT_BUNDLE_IDENTIFIER = Hunger.TinderCloneTests;
				PRODUCT_NAME = "$(TARGET_NAME)";
				SWIFT_VERSION = 4.0;
				TARGETED_DEVICE_FAMILY = "1,2";
				TEST_HOST = "$(BUILT_PRODUCTS_DIR)/TinderClone.app/TinderClone";
			};
			name = Release;
		};
		8B048DDD20818CE200C8F963 /* Debug */ = {
			isa = XCBuildConfiguration;
			buildSettings = {
				ALWAYS_EMBED_SWIFT_STANDARD_LIBRARIES = YES;
				CODE_SIGN_STYLE = Automatic;
				INFOPLIST_FILE = TinderCloneUITests/Info.plist;
				LD_RUNPATH_SEARCH_PATHS = "$(inherited) @executable_path/Frameworks @loader_path/Frameworks";
				PRODUCT_BUNDLE_IDENTIFIER = Hunger.TinderCloneUITests;
				PRODUCT_NAME = "$(TARGET_NAME)";
				SWIFT_VERSION = 4.0;
				TARGETED_DEVICE_FAMILY = "1,2";
				TEST_TARGET_NAME = TinderClone;
			};
			name = Debug;
		};
		8B048DDE20818CE200C8F963 /* Release */ = {
			isa = XCBuildConfiguration;
			buildSettings = {
				ALWAYS_EMBED_SWIFT_STANDARD_LIBRARIES = YES;
				CODE_SIGN_STYLE = Automatic;
				INFOPLIST_FILE = TinderCloneUITests/Info.plist;
				LD_RUNPATH_SEARCH_PATHS = "$(inherited) @executable_path/Frameworks @loader_path/Frameworks";
				PRODUCT_BUNDLE_IDENTIFIER = Hunger.TinderCloneUITests;
				PRODUCT_NAME = "$(TARGET_NAME)";
				SWIFT_VERSION = 4.0;
				TARGETED_DEVICE_FAMILY = "1,2";
				TEST_TARGET_NAME = TinderClone;
			};
			name = Release;
		};
/* End XCBuildConfiguration section */

/* Begin XCConfigurationList section */
		8B048DA920818CE100C8F963 /* Build configuration list for PBXProject "TinderClone" */ = {
			isa = XCConfigurationList;
			buildConfigurations = (
				8B048DD420818CE200C8F963 /* Debug */,
				8B048DD520818CE200C8F963 /* Release */,
			);
			defaultConfigurationIsVisible = 0;
			defaultConfigurationName = Release;
		};
		8B048DD620818CE200C8F963 /* Build configuration list for PBXNativeTarget "TinderClone" */ = {
			isa = XCConfigurationList;
			buildConfigurations = (
				8B048DD720818CE200C8F963 /* Debug */,
				8B048DD820818CE200C8F963 /* Release */,
			);
			defaultConfigurationIsVisible = 0;
			defaultConfigurationName = Release;
		};
		8B048DD920818CE200C8F963 /* Build configuration list for PBXNativeTarget "TinderCloneTests" */ = {
			isa = XCConfigurationList;
			buildConfigurations = (
				8B048DDA20818CE200C8F963 /* Debug */,
				8B048DDB20818CE200C8F963 /* Release */,
			);
			defaultConfigurationIsVisible = 0;
			defaultConfigurationName = Release;
		};
		8B048DDC20818CE200C8F963 /* Build configuration list for PBXNativeTarget "TinderCloneUITests" */ = {
			isa = XCConfigurationList;
			buildConfigurations = (
				8B048DDD20818CE200C8F963 /* Debug */,
				8B048DDE20818CE200C8F963 /* Release */,
			);
			defaultConfigurationIsVisible = 0;
			defaultConfigurationName = Release;
		};
/* End XCConfigurationList section */
	};
	rootObject = 8B048DA620818CE100C8F963 /* Project object */;
}
